# THIS IS AN AUTOGENERATED FILE. DO NOT EDIT THIS FILE DIRECTLY.
# yarn lockfile v1


"@types/lodash-es@^4.17.6":
  version "4.17.6"
  resolved "https://registry.yarnpkg.com/@types/lodash-es/-/lodash-es-4.17.6.tgz#c2ed4c8320ffa6f11b43eb89e9eaeec65966a0a0"
  integrity sha512-R+zTeVUKDdfoRxpAryaQNRKk3105Rrgx2CFRClIgRGaqDTdjsm8h6IYA8ir584W3ePzkZfst5xIgDwYrlh9HLg==
  dependencies:
    "@types/lodash" "*"

"@types/lodash@*":
  version "4.14.182"
  resolved "https://registry.yarnpkg.com/@types/lodash/-/lodash-4.14.182.tgz#05301a4d5e62963227eaafe0ce04dd77c54ea5c2"
  integrity sha512-/THyiqyQAP9AfARo4pF+aCGcyiQ94tX/Is2I7HofNRqoYLgN1PBoOWu2/zTA5zMxzP5EFutMtWtGAFRKUe961Q==

"@types/parse-link-header@^2.0.0":
  version "2.0.0"
  resolved "https://registry.yarnpkg.com/@types/parse-link-header/-/parse-link-header-2.0.0.tgz#a94d86ac2d13e3cdef4429c977217084e32378e7"
  integrity sha512-KbqcQLdRaawDOfXnwqr6nvhe1MV+Uv/Ww+ViSx7Ujgw9X5qCgObLP52B1ZSJqZD8FK1y/4o+bJQTUrZOynegcg==

colors@^1.4.0:
  version "1.4.0"
  resolved "https://registry.yarnpkg.com/colors/-/colors-1.4.0.tgz#c50491479d4c1bdaed2c9ced32cf7c7dc2360f78"
  integrity sha512-a+UqTh4kgZg/SlGvfbzDHpgRu7AAQOmmqRHJnxhRZICKFUT91brVhNNt58CMWU9PsBbv3PDCZUHbVxuDiH2mtA==

lodash-es@^4.17.21:
  version "4.17.21"
  resolved "https://registry.yarnpkg.com/lodash-es/-/lodash-es-4.17.21.tgz#43e626c46e6591b7750beb2b50117390c609e3ee"
  integrity sha512-mKnC+QJ9pWVzv+C4/U3rRsHapFfHvQFoFB92e52xeyGMcX6/OlIl78je1u8vePzYZSkkogMPJ2yjxxsb89cxyw==

typescript@^4.8.0-dev.20220517:
  version "4.8.0-dev.20220517"
  resolved "https://registry.yarnpkg.com/typescript/-/typescript-4.8.0-dev.20220517.tgz#e55821dffcd2cd84e2b5f0985f68ffbc2686cb1c"
  integrity sha512-f9/v9nrc4nxTc4KBgwPN+A1xLVDB44szb7n3C+gquZJHQWQMYf82ZJqzEfczvtkkCnooKfRKTj4jYiV2xiU7wg==
